
Microsoft Visual Studio Solution File, Format Version 12.00
# Visual Studio 15
VisualStudioVersion = 15.0.27703.2000
MinimumVisualStudioVersion = 10.0.40219.1
Project("{FAE04EC0-301F-11D3-BF4B-00C04F79EFBC}") = "ToktoTravel.Android", "ToktoTravel\ToktoTravel.Android\ToktoTravel.Android.csproj", "{D511C2FB-9347-4555-A57B-AC06AD5973EF}"
EndProject
Project("{FAE04EC0-301F-11D3-BF4B-00C04F79EFBC}") = "ToktoTravel.iOS", "ToktoTravel\ToktoTravel.iOS\ToktoTravel.iOS.csproj", "{9D408A7B-1B24-4563-B472-C2B8FF22F664}"
EndProject
Project("{FAE04EC0-301F-11D3-BF4B-00C04F79EFBC}") = "ToktoTravel.UWP", "ToktoTravel\ToktoTravel.UWP\ToktoTravel.UWP.csproj", "{65CDD91F-9115-400A-A0F9-A227ECF7ACB6}"
EndProject
Project("{9A19103F-16F7-4668-BE54-9A1E7A4F7556}") = "ToktoTravel", "ToktoTravel\ToktoTravel\ToktoTravel.csproj", "{14C75B4C-0569-4D11-A097-2152C0FD9166}"
EndProject
Global
	GlobalSection(SolutionConfigurationPlatforms) = preSolution
		Ad-Hoc|Any CPU = Ad-Hoc|Any CPU
		Ad-Hoc|ARM = Ad-Hoc|ARM
		Ad-Hoc|iPhone = Ad-Hoc|iPhone
		Ad-Hoc|iPhoneSimulator = Ad-Hoc|iPhoneSimulator
		Ad-Hoc|x64 = Ad-Hoc|x64
		Ad-Hoc|x86 = Ad-Hoc|x86
		AppStore|Any CPU = AppStore|Any CPU
		AppStore|ARM = AppStore|ARM
		AppStore|iPhone = AppStore|iPhone
		AppStore|iPhoneSimulator = AppStore|iPhoneSimulator
		AppStore|x64 = AppStore|x64
		AppStore|x86 = AppStore|x86
		Debug|Any CPU = Debug|Any CPU
		Debug|ARM = Debug|ARM
		Debug|iPhone = Debug|iPhone
		Debug|iPhoneSimulator = Debug|iPhoneSimulator
		Debug|x64 = Debug|x64
		Debug|x86 = Debug|x86
		Release|Any CPU = Release|Any CPU
		Release|ARM = Release|ARM
		Release|iPhone = Release|iPhone
		Release|iPhoneSimulator = Release|iPhoneSimulator
		Release|x64 = Release|x64
		Release|x86 = Release|x86
	EndGlobalSection
	GlobalSection(ProjectConfigurationPlatforms) = postSolution
		{D511C2FB-9347-4555-A57B-AC06AD5973EF}.Ad-Hoc|Any CPU.ActiveCfg = Release|Any CPU
		{D511C2FB-9347-4555-A57B-AC06AD5973EF}.Ad-Hoc|Any CPU.Build.0 = Release|Any CPU
		{D511C2FB-9347-4555-A57B-AC06AD5973EF}.Ad-Hoc|Any CPU.Deploy.0 = Release|Any CPU
		{D511C2FB-9347-4555-A57B-AC06AD5973EF}.Ad-Hoc|ARM.ActiveCfg = Release|Any CPU
		{D511C2FB-9347-4555-A57B-AC06AD5973EF}.Ad-Hoc|ARM.Build.0 = Release|Any CPU
		{D511C2FB-9347-4555-A57B-AC06AD5973EF}.Ad-Hoc|ARM.Deploy.0 = Release|Any CPU
		{D511C2FB-9347-4555-A57B-AC06AD5973EF}.Ad-Hoc|iPhone.ActiveCfg = Release|Any CPU
		{D511C2FB-9347-4555-A57B-AC06AD5973EF}.Ad-Hoc|iPhone.Build.0 = Release|Any CPU
		{D511C2FB-9347-4555-A57B-AC06AD5973EF}.Ad-Hoc|iPhone.Deploy.0 = Release|Any CPU
		{D511C2FB-9347-4555-A57B-AC06AD5973EF}.Ad-Hoc|iPhoneSimulator.ActiveCfg = Release|Any CPU
		{D511C2FB-9347-4555-A57B-AC06AD5973EF}.Ad-Hoc|iPhoneSimulator.Build.0 = Release|Any CPU
		{D511C2FB-9347-4555-A57B-AC06AD5973EF}.Ad-Hoc|iPhoneSimulator.Deploy.0 = Release|Any CPU
		{D511C2FB-9347-4555-A57B-AC06AD5973EF}.Ad-Hoc|x64.ActiveCfg = Release|Any CPU
		{D511C2FB-9347-4555-A57B-AC06AD5973EF}.Ad-Hoc|x64.Build.0 = Release|Any CPU
		{D511C2FB-9347-4555-A57B-AC06AD5973EF}.Ad-Hoc|x64.Deploy.0 = Release|Any CPU
		{D511C2FB-9347-4555-A57B-AC06AD5973EF}.Ad-Hoc|x86.ActiveCfg = Release|Any CPU
		{D511C2FB-9347-4555-A57B-AC06AD5973EF}.Ad-Hoc|x86.Build.0 = Release|Any CPU
		{D511C2FB-9347-4555-A57B-AC06AD5973EF}.Ad-Hoc|x86.Deploy.0 = Release|Any CPU
		{D511C2FB-9347-4555-A57B-AC06AD5973EF}.AppStore|Any CPU.ActiveCfg = Release|Any CPU
		{D511C2FB-9347-4555-A57B-AC06AD5973EF}.AppStore|Any CPU.Build.0 = Release|Any CPU
		{D511C2FB-9347-4555-A57B-AC06AD5973EF}.AppStore|Any CPU.Deploy.0 = Release|Any CPU
		{D511C2FB-9347-4555-A57B-AC06AD5973EF}.AppStore|ARM.ActiveCfg = Release|Any CPU
		{D511C2FB-9347-4555-A57B-AC06AD5973EF}.AppStore|ARM.Build.0 = Release|Any CPU
		{D511C2FB-9347-4555-A57B-AC06AD5973EF}.AppStore|ARM.Deploy.0 = Release|Any CPU
		{D511C2FB-9347-4555-A57B-AC06AD5973EF}.AppStore|iPhone.ActiveCfg = Release|Any CPU
		{D511C2FB-9347-4555-A57B-AC06AD5973EF}.AppStore|iPhone.Build.0 = Release|Any CPU
		{D511C2FB-9347-4555-A57B-AC06AD5973EF}.AppStore|iPhone.Deploy.0 = Release|Any CPU
		{D511C2FB-9347-4555-A57B-AC06AD5973EF}.AppStore|iPhoneSimulator.ActiveCfg = Release|Any CPU
		{D511C2FB-9347-4555-A57B-AC06AD5973EF}.AppStore|iPhoneSimulator.Build.0 = Release|Any CPU
		{D511C2FB-9347-4555-A57B-AC06AD5973EF}.AppStore|iPhoneSimulator.Deploy.0 = Release|Any CPU
		{D511C2FB-9347-4555-A57B-AC06AD5973EF}.AppStore|x64.ActiveCfg = Release|Any CPU
		{D511C2FB-9347-4555-A57B-AC06AD5973EF}.AppStore|x64.Build.0 = Release|Any CPU
		{D511C2FB-9347-4555-A57B-AC06AD5973EF}.AppStore|x64.Deploy.0 = Release|Any CPU
		{D511C2FB-9347-4555-A57B-AC06AD5973EF}.AppStore|x86.ActiveCfg = Release|Any CPU
		{D511C2FB-9347-4555-A57B-AC06AD5973EF}.AppStore|x86.Build.0 = Release|Any CPU
		{D511C2FB-9347-4555-A57B-AC06AD5973EF}.AppStore|x86.Deploy.0 = Release|Any CPU
		{D511C2FB-9347-4555-A57B-AC06AD5973EF}.Debug|Any CPU.ActiveCfg = Debug|Any CPU
		{D511C2FB-9347-4555-A57B-AC06AD5973EF}.Debug|Any CPU.Build.0 = Debug|Any CPU
		{D511C2FB-9347-4555-A57B-AC06AD5973EF}.Debug|Any CPU.Deploy.0 = Debug|Any CPU
		{D511C2FB-9347-4555-A57B-AC06AD5973EF}.Debug|ARM.ActiveCfg = Debug|Any CPU
		{D511C2FB-9347-4555-A57B-AC06AD5973EF}.Debug|ARM.Build.0 = Debug|Any CPU
		{D511C2FB-9347-4555-A57B-AC06AD5973EF}.Debug|ARM.Deploy.0 = Debug|Any CPU
		{D511C2FB-9347-4555-A57B-AC06AD5973EF}.Debug|iPhone.ActiveCfg = Debug|Any CPU
		{D511C2FB-9347-4555-A57B-AC06AD5973EF}.Debug|iPhone.Build.0 = Debug|Any CPU
		{D511C2FB-9347-4555-A57B-AC06AD5973EF}.Debug|iPhone.Deploy.0 = Debug|Any CPU
		{D511C2FB-9347-4555-A57B-AC06AD5973EF}.Debug|iPhoneSimulator.ActiveCfg = Debug|Any CPU
		{D511C2FB-9347-4555-A57B-AC06AD5973EF}.Debug|iPhoneSimulator.Build.0 = Debug|Any CPU
		{D511C2FB-9347-4555-A57B-AC06AD5973EF}.Debug|iPhoneSimulator.Deploy.0 = Debug|Any CPU
		{D511C2FB-9347-4555-A57B-AC06AD5973EF}.Debug|x64.ActiveCfg = Debug|Any CPU
		{D511C2FB-9347-4555-A57B-AC06AD5973EF}.Debug|x64.Build.0 = Debug|Any CPU
		{D511C2FB-9347-4555-A57B-AC06AD5973EF}.Debug|x64.Deploy.0 = Debug|Any CPU
		{D511C2FB-9347-4555-A57B-AC06AD5973EF}.Debug|x86.ActiveCfg = Debug|Any CPU
		{D511C2FB-9347-4555-A57B-AC06AD5973EF}.Debug|x86.Build.0 = Debug|Any CPU
		{D511C2FB-9347-4555-A57B-AC06AD5973EF}.Debug|x86.Deploy.0 = Debug|Any CPU
		{D511C2FB-9347-4555-A57B-AC06AD5973EF}.Release|Any CPU.ActiveCfg = Release|Any CPU
		{D511C2FB-9347-4555-A57B-AC06AD5973EF}.Release|Any CPU.Build.0 = Release|Any CPU
		{D511C2FB-9347-4555-A57B-AC06AD5973EF}.Release|Any CPU.Deploy.0 = Release|Any CPU
		{D511C2FB-9347-4555-A57B-AC06AD5973EF}.Release|ARM.ActiveCfg = Release|Any CPU
		{D511C2FB-9347-4555-A57B-AC06AD5973EF}.Release|ARM.Build.0 = Release|Any CPU
		{D511C2FB-9347-4555-A57B-AC06AD5973EF}.Release|ARM.Deploy.0 = Release|Any CPU
		{D511C2FB-9347-4555-A57B-AC06AD5973EF}.Release|iPhone.ActiveCfg = Release|Any CPU
		{D511C2FB-9347-4555-A57B-AC06AD5973EF}.Release|iPhone.Build.0 = Release|Any CPU
		{D511C2FB-9347-4555-A57B-AC06AD5973EF}.Release|iPhone.Deploy.0 = Release|Any CPU
		{D511C2FB-9347-4555-A57B-AC06AD5973EF}.Release|iPhoneSimulator.ActiveCfg = Release|Any CPU
		{D511C2FB-9347-4555-A57B-AC06AD5973EF}.Release|iPhoneSimulator.Build.0 = Release|Any CPU
		{D511C2FB-9347-4555-A57B-AC06AD5973EF}.Release|iPhoneSimulator.Deploy.0 = Release|Any CPU
		{D511C2FB-9347-4555-A57B-AC06AD5973EF}.Release|x64.ActiveCfg = Release|Any CPU
		{D511C2FB-9347-4555-A57B-AC06AD5973EF}.Release|x64.Build.0 = Release|Any CPU
		{D511C2FB-9347-4555-A57B-AC06AD5973EF}.Release|x64.Deploy.0 = Release|Any CPU
		{D511C2FB-9347-4555-A57B-AC06AD5973EF}.Release|x86.ActiveCfg = Release|Any CPU
		{D511C2FB-9347-4555-A57B-AC06AD5973EF}.Release|x86.Build.0 = Release|Any CPU
		{D511C2FB-9347-4555-A57B-AC06AD5973EF}.Release|x86.Deploy.0 = Release|Any CPU
		{9D408A7B-1B24-4563-B472-C2B8FF22F664}.Ad-Hoc|Any CPU.ActiveCfg = Ad-Hoc|iPhone
		{9D408A7B-1B24-4563-B472-C2B8FF22F664}.Ad-Hoc|Any CPU.Build.0 = Ad-Hoc|iPhone
		{9D408A7B-1B24-4563-B472-C2B8FF22F664}.Ad-Hoc|Any CPU.Deploy.0 = Ad-Hoc|iPhone
		{9D408A7B-1B24-4563-B472-C2B8FF22F664}.Ad-Hoc|ARM.ActiveCfg = Ad-Hoc|iPhone
		{9D408A7B-1B24-4563-B472-C2B8FF22F664}.Ad-Hoc|ARM.Build.0 = Ad-Hoc|iPhone
		{9D408A7B-1B24-4563-B472-C2B8FF22F664}.Ad-Hoc|ARM.Deploy.0 = Ad-Hoc|iPhone
		{9D408A7B-1B24-4563-B472-C2B8FF22F664}.Ad-Hoc|iPhone.ActiveCfg = Ad-Hoc|iPhone
		{9D408A7B-1B24-4563-B472-C2B8FF22F664}.Ad-Hoc|iPhone.Build.0 = Ad-Hoc|iPhone
		{9D408A7B-1B24-4563-B472-C2B8FF22F664}.Ad-Hoc|iPhone.Deploy.0 = Ad-Hoc|iPhone
		{9D408A7B-1B24-4563-B472-C2B8FF22F664}.Ad-Hoc|iPhoneSimulator.ActiveCfg = Ad-Hoc|iPhoneSimulator
		{9D408A7B-1B24-4563-B472-C2B8FF22F664}.Ad-Hoc|iPhoneSimulator.Build.0 = Ad-Hoc|iPhoneSimulator
		{9D408A7B-1B24-4563-B472-C2B8FF22F664}.Ad-Hoc|iPhoneSimulator.Deploy.0 = Ad-Hoc|iPhoneSimulator
		{9D408A7B-1B24-4563-B472-C2B8FF22F664}.Ad-Hoc|x64.ActiveCfg = Ad-Hoc|iPhone
		{9D408A7B-1B24-4563-B472-C2B8FF22F664}.Ad-Hoc|x64.Build.0 = Ad-Hoc|iPhone
		{9D408A7B-1B24-4563-B472-C2B8FF22F664}.Ad-Hoc|x64.Deploy.0 = Ad-Hoc|iPhone
		{9D408A7B-1B24-4563-B472-C2B8FF22F664}.Ad-Hoc|x86.ActiveCfg = Ad-Hoc|iPhone
		{9D408A7B-1B24-4563-B472-C2B8FF22F664}.Ad-Hoc|x86.Build.0 = Ad-Hoc|iPhone
		{9D408A7B-1B24-4563-B472-C2B8FF22F664}.Ad-Hoc|x86.Deploy.0 = Ad-Hoc|iPhone
		{9D408A7B-1B24-4563-B472-C2B8FF22F664}.AppStore|Any CPU.ActiveCfg = AppStore|iPhone
		{9D408A7B-1B24-4563-B472-C2B8FF22F664}.AppStore|Any CPU.Build.0 = AppStore|iPhone
		{9D408A7B-1B24-4563-B472-C2B8FF22F664}.AppStore|Any CPU.Deploy.0 = AppStore|iPhone
		{9D408A7B-1B24-4563-B472-C2B8FF22F664}.AppStore|ARM.ActiveCfg = AppStore|iPhone
		{9D408A7B-1B24-4563-B472-C2B8FF22F664}.AppStore|ARM.Build.0 = AppStore|iPhone
		{9D408A7B-1B24-4563-B472-C2B8FF22F664}.AppStore|ARM.Deploy.0 = AppStore|iPhone
		{9D408A7B-1B24-4563-B472-C2B8FF22F664}.AppStore|iPhone.ActiveCfg = AppStore|iPhone
		{9D408A7B-1B24-4563-B472-C2B8FF22F664}.AppStore|iPhone.Build.0 = AppStore|iPhone
		{9D408A7B-1B24-4563-B472-C2B8FF22F664}.AppStore|iPhone.Deploy.0 = AppStore|iPhone
		{9D408A7B-1B24-4563-B472-C2B8FF22F664}.AppStore|iPhoneSimulator.ActiveCfg = AppStore|iPhoneSimulator
		{9D408A7B-1B24-4563-B472-C2B8FF22F664}.AppStore|iPhoneSimulator.Build.0 = AppStore|iPhoneSimulator
		{9D408A7B-1B24-4563-B472-C2B8FF22F664}.AppStore|iPhoneSimulator.Deploy.0 = AppStore|iPhoneSimulator
		{9D408A7B-1B24-4563-B472-C2B8FF22F664}.AppStore|x64.ActiveCfg = AppStore|iPhone
		{9D408A7B-1B24-4563-B472-C2B8FF22F664}.AppStore|x64.Build.0 = AppStore|iPhone
		{9D408A7B-1B24-4563-B472-C2B8FF22F664}.AppStore|x64.Deploy.0 = AppStore|iPhone
		{9D408A7B-1B24-4563-B472-C2B8FF22F664}.AppStore|x86.ActiveCfg = AppStore|iPhone
		{9D408A7B-1B24-4563-B472-C2B8FF22F664}.AppStore|x86.Build.0 = AppStore|iPhone
		{9D408A7B-1B24-4563-B472-C2B8FF22F664}.AppStore|x86.Deploy.0 = AppStore|iPhone
		{9D408A7B-1B24-4563-B472-C2B8FF22F664}.Debug|Any CPU.ActiveCfg = Debug|iPhoneSimulator
		{9D408A7B-1B24-4563-B472-C2B8FF22F664}.Debug|Any CPU.Build.0 = Debug|iPhoneSimulator
		{9D408A7B-1B24-4563-B472-C2B8FF22F664}.Debug|Any CPU.Deploy.0 = Debug|iPhoneSimulator
		{9D408A7B-1B24-4563-B472-C2B8FF22F664}.Debug|ARM.ActiveCfg = Debug|iPhone
		{9D408A7B-1B24-4563-B472-C2B8FF22F664}.Debug|ARM.Build.0 = Debug|iPhone
		{9D408A7B-1B24-4563-B472-C2B8FF22F664}.Debug|ARM.Deploy.0 = Debug|iPhone
		{9D408A7B-1B24-4563-B472-C2B8FF22F664}.Debug|iPhone.ActiveCfg = Debug|iPhone
		{9D408A7B-1B24-4563-B472-C2B8FF22F664}.Debug|iPhone.Build.0 = Debug|iPhone
		{9D408A7B-1B24-4563-B472-C2B8FF22F664}.Debug|iPhone.Deploy.0 = Debug|iPhone
		{9D408A7B-1B24-4563-B472-C2B8FF22F664}.Debug|iPhoneSimulator.ActiveCfg = Debug|iPhoneSimulator
		{9D408A7B-1B24-4563-B472-C2B8FF22F664}.Debug|iPhoneSimulator.Build.0 = Debug|iPhoneSimulator
		{9D408A7B-1B24-4563-B472-C2B8FF22F664}.Debug|iPhoneSimulator.Deploy.0 = Debug|iPhoneSimulator
		{9D408A7B-1B24-4563-B472-C2B8FF22F664}.Debug|x64.ActiveCfg = Debug|iPhone
		{9D408A7B-1B24-4563-B472-C2B8FF22F664}.Debug|x64.Build.0 = Debug|iPhone
		{9D408A7B-1B24-4563-B472-C2B8FF22F664}.Debug|x64.Deploy.0 = Debug|iPhone
		{9D408A7B-1B24-4563-B472-C2B8FF22F664}.Debug|x86.ActiveCfg = Debug|iPhone
		{9D408A7B-1B24-4563-B472-C2B8FF22F664}.Debug|x86.Build.0 = Debug|iPhone
		{9D408A7B-1B24-4563-B472-C2B8FF22F664}.Debug|x86.Deploy.0 = Debug|iPhone
		{9D408A7B-1B24-4563-B472-C2B8FF22F664}.Release|Any CPU.ActiveCfg = Release|iPhone
		{9D408A7B-1B24-4563-B472-C2B8FF22F664}.Release|Any CPU.Build.0 = Release|iPhone
		{9D408A7B-1B24-4563-B472-C2B8FF22F664}.Release|Any CPU.Deploy.0 = Release|iPhone
		{9D408A7B-1B24-4563-B472-C2B8FF22F664}.Release|ARM.ActiveCfg = Release|iPhone
		{9D408A7B-1B24-4563-B472-C2B8FF22F664}.Release|ARM.Build.0 = Release|iPhone
		{9D408A7B-1B24-4563-B472-C2B8FF22F664}.Release|ARM.Deploy.0 = Release|iPhone
		{9D408A7B-1B24-4563-B472-C2B8FF22F664}.Release|iPhone.ActiveCfg = Release|iPhone
		{9D408A7B-1B24-4563-B472-C2B8FF22F664}.Release|iPhone.Build.0 = Release|iPhone
		{9D408A7B-1B24-4563-B472-C2B8FF22F664}.Release|iPhone.Deploy.0 = Release|iPhone
		{9D408A7B-1B24-4563-B472-C2B8FF22F664}.Release|iPhoneSimulator.ActiveCfg = Release|iPhoneSimulator
		{9D408A7B-1B24-4563-B472-C2B8FF22F664}.Release|iPhoneSimulator.Build.0 = Release|iPhoneSimulator
		{9D408A7B-1B24-4563-B472-C2B8FF22F664}.Release|iPhoneSimulator.Deploy.0 = Release|iPhoneSimulator
		{9D408A7B-1B24-4563-B472-C2B8FF22F664}.Release|x64.ActiveCfg = Release|iPhone
		{9D408A7B-1B24-4563-B472-C2B8FF22F664}.Release|x64.Build.0 = Release|iPhone
		{9D408A7B-1B24-4563-B472-C2B8FF22F664}.Release|x64.Deploy.0 = Release|iPhone
		{9D408A7B-1B24-4563-B472-C2B8FF22F664}.Release|x86.ActiveCfg = Release|iPhone
		{9D408A7B-1B24-4563-B472-C2B8FF22F664}.Release|x86.Build.0 = Release|iPhone
		{9D408A7B-1B24-4563-B472-C2B8FF22F664}.Release|x86.Deploy.0 = Release|iPhone
		{65CDD91F-9115-400A-A0F9-A227ECF7ACB6}.Ad-Hoc|Any CPU.ActiveCfg = Release|x86
		{65CDD91F-9115-400A-A0F9-A227ECF7ACB6}.Ad-Hoc|Any CPU.Build.0 = Release|x86
		{65CDD91F-9115-400A-A0F9-A227ECF7ACB6}.Ad-Hoc|Any CPU.Deploy.0 = Release|x86
		{65CDD91F-9115-400A-A0F9-A227ECF7ACB6}.Ad-Hoc|ARM.ActiveCfg = Release|ARM
		{65CDD91F-9115-400A-A0F9-A227ECF7ACB6}.Ad-Hoc|ARM.Build.0 = Release|ARM
		{65CDD91F-9115-400A-A0F9-A227ECF7ACB6}.Ad-Hoc|ARM.Deploy.0 = Release|ARM
		{65CDD91F-9115-400A-A0F9-A227ECF7ACB6}.Ad-Hoc|iPhone.ActiveCfg = Release|x86
		{65CDD91F-9115-400A-A0F9-A227ECF7ACB6}.Ad-Hoc|iPhone.Build.0 = Release|x86
		{65CDD91F-9115-400A-A0F9-A227ECF7ACB6}.Ad-Hoc|iPhone.Deploy.0 = Release|x86
		{65CDD91F-9115-400A-A0F9-A227ECF7ACB6}.Ad-Hoc|iPhoneSimulator.ActiveCfg = Release|x86
		{65CDD91F-9115-400A-A0F9-A227ECF7ACB6}.Ad-Hoc|iPhoneSimulator.Build.0 = Release|x86
		{65CDD91F-9115-400A-A0F9-A227ECF7ACB6}.Ad-Hoc|iPhoneSimulator.Deploy.0 = Release|x86
		{65CDD91F-9115-400A-A0F9-A227ECF7ACB6}.Ad-Hoc|x64.ActiveCfg = Release|x64
		{65CDD91F-9115-400A-A0F9-A227ECF7ACB6}.Ad-Hoc|x64.Build.0 = Release|x64
		{65CDD91F-9115-400A-A0F9-A227ECF7ACB6}.Ad-Hoc|x64.Deploy.0 = Release|x64
		{65CDD91F-9115-400A-A0F9-A227ECF7ACB6}.Ad-Hoc|x86.ActiveCfg = Release|x86
		{65CDD91F-9115-400A-A0F9-A227ECF7ACB6}.Ad-Hoc|x86.Build.0 = Release|x86
		{65CDD91F-9115-400A-A0F9-A227ECF7ACB6}.Ad-Hoc|x86.Deploy.0 = Release|x86
		{65CDD91F-9115-400A-A0F9-A227ECF7ACB6}.AppStore|Any CPU.ActiveCfg = Release|x86
		{65CDD91F-9115-400A-A0F9-A227ECF7ACB6}.AppStore|Any CPU.Build.0 = Release|x86
		{65CDD91F-9115-400A-A0F9-A227ECF7ACB6}.AppStore|Any CPU.Deploy.0 = Release|x86
		{65CDD91F-9115-400A-A0F9-A227ECF7ACB6}.AppStore|ARM.ActiveCfg = Release|ARM
		{65CDD91F-9115-400A-A0F9-A227ECF7ACB6}.AppStore|ARM.Build.0 = Release|ARM
		{65CDD91F-9115-400A-A0F9-A227ECF7ACB6}.AppStore|ARM.Deploy.0 = Release|ARM
		{65CDD91F-9115-400A-A0F9-A227ECF7ACB6}.AppStore|iPhone.ActiveCfg = Release|x86
		{65CDD91F-9115-400A-A0F9-A227ECF7ACB6}.AppStore|iPhone.Build.0 = Release|x86
		{65CDD91F-9115-400A-A0F9-A227ECF7ACB6}.AppStore|iPhone.Deploy.0 = Release|x86
		{65CDD91F-9115-400A-A0F9-A227ECF7ACB6}.AppStore|iPhoneSimulator.ActiveCfg = Release|x86
		{65CDD91F-9115-400A-A0F9-A227ECF7ACB6}.AppStore|iPhoneSimulator.Build.0 = Release|x86
		{65CDD91F-9115-400A-A0F9-A227ECF7ACB6}.AppStore|iPhoneSimulator.Deploy.0 = Release|x86
		{65CDD91F-9115-400A-A0F9-A227ECF7ACB6}.AppStore|x64.ActiveCfg = Release|x64
		{65CDD91F-9115-400A-A0F9-A227ECF7ACB6}.AppStore|x64.Build.0 = Release|x64
		{65CDD91F-9115-400A-A0F9-A227ECF7ACB6}.AppStore|x64.Deploy.0 = Release|x64
		{65CDD91F-9115-400A-A0F9-A227ECF7ACB6}.AppStore|x86.ActiveCfg = Release|x86
		{65CDD91F-9115-400A-A0F9-A227ECF7ACB6}.AppStore|x86.Build.0 = Release|x86
		{65CDD91F-9115-400A-A0F9-A227ECF7ACB6}.AppStore|x86.Deploy.0 = Release|x86
		{65CDD91F-9115-400A-A0F9-A227ECF7ACB6}.Debug|Any CPU.ActiveCfg = Debug|x86
		{65CDD91F-9115-400A-A0F9-A227ECF7ACB6}.Debug|Any CPU.Build.0 = Debug|x86
		{65CDD91F-9115-400A-A0F9-A227ECF7ACB6}.Debug|Any CPU.Deploy.0 = Debug|x86
		{65CDD91F-9115-400A-A0F9-A227ECF7ACB6}.Debug|ARM.ActiveCfg = Debug|ARM
		{65CDD91F-9115-400A-A0F9-A227ECF7ACB6}.Debug|ARM.Build.0 = Debug|ARM
		{65CDD91F-9115-400A-A0F9-A227ECF7ACB6}.Debug|ARM.Deploy.0 = Debug|ARM
		{65CDD91F-9115-400A-A0F9-A227ECF7ACB6}.Debug|iPhone.ActiveCfg = Debug|x86
		{65CDD91F-9115-400A-A0F9-A227ECF7ACB6}.Debug|iPhone.Build.0 = Debug|x86
		{65CDD91F-9115-400A-A0F9-A227ECF7ACB6}.Debug|iPhone.Deploy.0 = Debug|x86
		{65CDD91F-9115-400A-A0F9-A227ECF7ACB6}.Debug|iPhoneSimulator.ActiveCfg = Debug|x86
		{65CDD91F-9115-400A-A0F9-A227ECF7ACB6}.Debug|iPhoneSimulator.Build.0 = Debug|x86
		{65CDD91F-9115-400A-A0F9-A227ECF7ACB6}.Debug|iPhoneSimulator.Deploy.0 = Debug|x86
		{65CDD91F-9115-400A-A0F9-A227ECF7ACB6}.Debug|x64.ActiveCfg = Debug|x64
		{65CDD91F-9115-400A-A0F9-A227ECF7ACB6}.Debug|x64.Build.0 = Debug|x64
		{65CDD91F-9115-400A-A0F9-A227ECF7ACB6}.Debug|x64.Deploy.0 = Debug|x64
		{65CDD91F-9115-400A-A0F9-A227ECF7ACB6}.Debug|x86.ActiveCfg = Debug|x86
		{65CDD91F-9115-400A-A0F9-A227ECF7ACB6}.Debug|x86.Build.0 = Debug|x86
		{65CDD91F-9115-400A-A0F9-A227ECF7ACB6}.Debug|x86.Deploy.0 = Debug|x86
		{65CDD91F-9115-400A-A0F9-A227ECF7ACB6}.Release|Any CPU.ActiveCfg = Release|x86
		{65CDD91F-9115-400A-A0F9-A227ECF7ACB6}.Release|Any CPU.Build.0 = Release|x86
		{65CDD91F-9115-400A-A0F9-A227ECF7ACB6}.Release|Any CPU.Deploy.0 = Release|x86
		{65CDD91F-9115-400A-A0F9-A227ECF7ACB6}.Release|ARM.ActiveCfg = Release|ARM
		{65CDD91F-9115-400A-A0F9-A227ECF7ACB6}.Release|ARM.Build.0 = Release|ARM
		{65CDD91F-9115-400A-A0F9-A227ECF7ACB6}.Release|ARM.Deploy.0 = Release|ARM
		{65CDD91F-9115-400A-A0F9-A227ECF7ACB6}.Release|iPhone.ActiveCfg = Release|x86
		{65CDD91F-9115-400A-A0F9-A227ECF7ACB6}.Release|iPhone.Build.0 = Release|x86
		{65CDD91F-9115-400A-A0F9-A227ECF7ACB6}.Release|iPhone.Deploy.0 = Release|x86
		{65CDD91F-9115-400A-A0F9-A227ECF7ACB6}.Release|iPhoneSimulator.ActiveCfg = Release|x86
		{65CDD91F-9115-400A-A0F9-A227ECF7ACB6}.Release|iPhoneSimulator.Build.0 = Release|x86
		{65CDD91F-9115-400A-A0F9-A227ECF7ACB6}.Release|iPhoneSimulator.Deploy.0 = Release|x86
		{65CDD91F-9115-400A-A0F9-A227ECF7ACB6}.Release|x64.ActiveCfg = Release|x64
		{65CDD91F-9115-400A-A0F9-A227ECF7ACB6}.Release|x64.Build.0 = Release|x64
		{65CDD91F-9115-400A-A0F9-A227ECF7ACB6}.Release|x64.Deploy.0 = Release|x64
		{65CDD91F-9115-400A-A0F9-A227ECF7ACB6}.Release|x86.ActiveCfg = Release|x86
		{65CDD91F-9115-400A-A0F9-A227ECF7ACB6}.Release|x86.Build.0 = Release|x86
		{65CDD91F-9115-400A-A0F9-A227ECF7ACB6}.Release|x86.Deploy.0 = Release|x86
		{14C75B4C-0569-4D11-A097-2152C0FD9166}.Ad-Hoc|Any CPU.ActiveCfg = Debug|Any CPU
		{14C75B4C-0569-4D11-A097-2152C0FD9166}.Ad-Hoc|Any CPU.Build.0 = Debug|Any CPU
		{14C75B4C-0569-4D11-A097-2152C0FD9166}.Ad-Hoc|Any CPU.Deploy.0 = Debug|Any CPU
		{14C75B4C-0569-4D11-A097-2152C0FD9166}.Ad-Hoc|ARM.ActiveCfg = Debug|Any CPU
		{14C75B4C-0569-4D11-A097-2152C0FD9166}.Ad-Hoc|ARM.Build.0 = Debug|Any CPU
		{14C75B4C-0569-4D11-A097-2152C0FD9166}.Ad-Hoc|ARM.Deploy.0 = Debug|Any CPU
		{14C75B4C-0569-4D11-A097-2152C0FD9166}.Ad-Hoc|iPhone.ActiveCfg = Debug|Any CPU
		{14C75B4C-0569-4D11-A097-2152C0FD9166}.Ad-Hoc|iPhone.Build.0 = Debug|Any CPU
		{14C75B4C-0569-4D11-A097-2152C0FD9166}.Ad-Hoc|iPhone.Deploy.0 = Debug|Any CPU
		{14C75B4C-0569-4D11-A097-2152C0FD9166}.Ad-Hoc|iPhoneSimulator.ActiveCfg = Debug|Any CPU
		{14C75B4C-0569-4D11-A097-2152C0FD9166}.Ad-Hoc|iPhoneSimulator.Build.0 = Debug|Any CPU
		{14C75B4C-0569-4D11-A097-2152C0FD9166}.Ad-Hoc|iPhoneSimulator.Deploy.0 = Debug|Any CPU
		{14C75B4C-0569-4D11-A097-2152C0FD9166}.Ad-Hoc|x64.ActiveCfg = Debug|Any CPU
		{14C75B4C-0569-4D11-A097-2152C0FD9166}.Ad-Hoc|x64.Build.0 = Debug|Any CPU
		{14C75B4C-0569-4D11-A097-2152C0FD9166}.Ad-Hoc|x64.Deploy.0 = Debug|Any CPU
		{14C75B4C-0569-4D11-A097-2152C0FD9166}.Ad-Hoc|x86.ActiveCfg = Debug|Any CPU
		{14C75B4C-0569-4D11-A097-2152C0FD9166}.Ad-Hoc|x86.Build.0 = Debug|Any CPU
		{14C75B4C-0569-4D11-A097-2152C0FD9166}.Ad-Hoc|x86.Deploy.0 = Debug|Any CPU
		{14C75B4C-0569-4D11-A097-2152C0FD9166}.AppStore|Any CPU.ActiveCfg = Debug|Any CPU
		{14C75B4C-0569-4D11-A097-2152C0FD9166}.AppStore|Any CPU.Build.0 = Debug|Any CPU
		{14C75B4C-0569-4D11-A097-2152C0FD9166}.AppStore|Any CPU.Deploy.0 = Debug|Any CPU
		{14C75B4C-0569-4D11-A097-2152C0FD9166}.AppStore|ARM.ActiveCfg = Debug|Any CPU
		{14C75B4C-0569-4D11-A097-2152C0FD9166}.AppStore|ARM.Build.0 = Debug|Any CPU
		{14C75B4C-0569-4D11-A097-2152C0FD9166}.AppStore|ARM.Deploy.0 = Debug|Any CPU
		{14C75B4C-0569-4D11-A097-2152C0FD9166}.AppStore|iPhone.ActiveCfg = Debug|Any CPU
		{14C75B4C-0569-4D11-A097-2152C0FD9166}.AppStore|iPhone.Build.0 = Debug|Any CPU
		{14C75B4C-0569-4D11-A097-2152C0FD9166}.AppStore|iPhone.Deploy.0 = Debug|Any CPU
		{14C75B4C-0569-4D11-A097-2152C0FD9166}.AppStore|iPhoneSimulator.ActiveCfg = Debug|Any CPU
		{14C75B4C-0569-4D11-A097-2152C0FD9166}.AppStore|iPhoneSimulator.Build.0 = Debug|Any CPU
		{14C75B4C-0569-4D11-A097-2152C0FD9166}.AppStore|iPhoneSimulator.Deploy.0 = Debug|Any CPU
		{14C75B4C-0569-4D11-A097-2152C0FD9166}.AppStore|x64.ActiveCfg = Debug|Any CPU
		{14C75B4C-0569-4D11-A097-2152C0FD9166}.AppStore|x64.Build.0 = Debug|Any CPU
		{14C75B4C-0569-4D11-A097-2152C0FD9166}.AppStore|x64.Deploy.0 = Debug|Any CPU
		{14C75B4C-0569-4D11-A097-2152C0FD9166}.AppStore|x86.ActiveCfg = Debug|Any CPU
		{14C75B4C-0569-4D11-A097-2152C0FD9166}.AppStore|x86.Build.0 = Debug|Any CPU
		{14C75B4C-0569-4D11-A097-2152C0FD9166}.AppStore|x86.Deploy.0 = Debug|Any CPU
		{14C75B4C-0569-4D11-A097-2152C0FD9166}.Debug|Any CPU.ActiveCfg = Debug|Any CPU
		{14C75B4C-0569-4D11-A097-2152C0FD9166}.Debug|Any CPU.Build.0 = Debug|Any CPU
		{14C75B4C-0569-4D11-A097-2152C0FD9166}.Debug|Any CPU.Deploy.0 = Debug|Any CPU
		{14C75B4C-0569-4D11-A097-2152C0FD9166}.Debug|ARM.ActiveCfg = Debug|Any CPU
		{14C75B4C-0569-4D11-A097-2152C0FD9166}.Debug|ARM.Build.0 = Debug|Any CPU
		{14C75B4C-0569-4D11-A097-2152C0FD9166}.Debug|ARM.Deploy.0 = Debug|Any CPU
		{14C75B4C-0569-4D11-A097-2152C0FD9166}.Debug|iPhone.ActiveCfg = Debug|Any CPU
		{14C75B4C-0569-4D11-A097-2152C0FD9166}.Debug|iPhone.Build.0 = Debug|Any CPU
		{14C75B4C-0569-4D11-A097-2152C0FD9166}.Debug|iPhone.Deploy.0 = Debug|Any CPU
		{14C75B4C-0569-4D11-A097-2152C0FD9166}.Debug|iPhoneSimulator.ActiveCfg = Debug|Any CPU
		{14C75B4C-0569-4D11-A097-2152C0FD9166}.Debug|iPhoneSimulator.Build.0 = Debug|Any CPU
		{14C75B4C-0569-4D11-A097-2152C0FD9166}.Debug|iPhoneSimulator.Deploy.0 = Debug|Any CPU
		{14C75B4C-0569-4D11-A097-2152C0FD9166}.Debug|x64.ActiveCfg = Debug|Any CPU
		{14C75B4C-0569-4D11-A097-2152C0FD9166}.Debug|x64.Build.0 = Debug|Any CPU
		{14C75B4C-0569-4D11-A097-2152C0FD9166}.Debug|x64.Deploy.0 = Debug|Any CPU
		{14C75B4C-0569-4D11-A097-2152C0FD9166}.Debug|x86.ActiveCfg = Debug|Any CPU
		{14C75B4C-0569-4D11-A097-2152C0FD9166}.Debug|x86.Build.0 = Debug|Any CPU
		{14C75B4C-0569-4D11-A097-2152C0FD9166}.Debug|x86.Deploy.0 = Debug|Any CPU
		{14C75B4C-0569-4D11-A097-2152C0FD9166}.Release|Any CPU.ActiveCfg = Release|Any CPU
		{14C75B4C-0569-4D11-A097-2152C0FD9166}.Release|Any CPU.Build.0 = Release|Any CPU
		{14C75B4C-0569-4D11-A097-2152C0FD9166}.Release|Any CPU.Deploy.0 = Release|Any CPU
		{14C75B4C-0569-4D11-A097-2152C0FD9166}.Release|ARM.ActiveCfg = Release|Any CPU
		{14C75B4C-0569-4D11-A097-2152C0FD9166}.Release|ARM.Build.0 = Release|Any CPU
		{14C75B4C-0569-4D11-A097-2152C0FD9166}.Release|ARM.Deploy.0 = Release|Any CPU
		{14C75B4C-0569-4D11-A097-2152C0FD9166}.Release|iPhone.ActiveCfg = Release|Any CPU
		{14C75B4C-0569-4D11-A097-2152C0FD9166}.Release|iPhone.Build.0 = Release|Any CPU
		{14C75B4C-0569-4D11-A097-2152C0FD9166}.Release|iPhone.Deploy.0 = Release|Any CPU
		{14C75B4C-0569-4D11-A097-2152C0FD9166}.Release|iPhoneSimulator.ActiveCfg = Release|Any CPU
		{14C75B4C-0569-4D11-A097-2152C0FD9166}.Release|iPhoneSimulator.Build.0 = Release|Any CPU
		{14C75B4C-0569-4D11-A097-2152C0FD9166}.Release|iPhoneSimulator.Deploy.0 = Release|Any CPU
		{14C75B4C-0569-4D11-A097-2152C0FD9166}.Release|x64.ActiveCfg = Release|Any CPU
		{14C75B4C-0569-4D11-A097-2152C0FD9166}.Release|x64.Build.0 = Release|Any CPU
		{14C75B4C-0569-4D11-A097-2152C0FD9166}.Release|x64.Deploy.0 = Release|Any CPU
		{14C75B4C-0569-4D11-A097-2152C0FD9166}.Release|x86.ActiveCfg = Release|Any CPU
		{14C75B4C-0569-4D11-A097-2152C0FD9166}.Release|x86.Build.0 = Release|Any CPU
		{14C75B4C-0569-4D11-A097-2152C0FD9166}.Release|x86.Deploy.0 = Release|Any CPU
	EndGlobalSection
	GlobalSection(SolutionProperties) = preSolution
		HideSolutionNode = FALSE
	EndGlobalSection
	GlobalSection(ExtensibilityGlobals) = postSolution
		SolutionGuid = {9FE811D6-155E-4410-A8D0-BDAE891FCEE6}
	EndGlobalSection
EndGlobal
